
Microsoft Visual Studio Solution File, Format Version 12.00
# Visual Studio Version 17
VisualStudioVersion = 17.5.33530.505
MinimumVisualStudioVersion = 10.0.40219.1
Project("{888888A0-9F3D-457C-B088-3A5042F75D52}") = "plot_data", "plot_data\plot_data.pyproj", "{FA415BA8-4465-4E48-8CAA-A3C375653A88}"
EndProject
Global
	GlobalSection(SolutionConfigurationPlatforms) = preSolution
		Debug|Any CPU = Debug|Any CPU
		Release|Any CPU = Release|Any CPU
	EndGlobalSection
	GlobalSection(ProjectConfigurationPlatforms) = postSolution
		{FA415BA8-4465-4E48-8CAA-A3C375653A88}.Debug|Any CPU.ActiveCfg = Debug|Any CPU
		{FA415BA8-4465-4E48-8CAA-A3C375653A88}.Release|Any CPU.ActiveCfg = Release|Any CPU
	EndGlobalSection
	GlobalSection(SolutionProperties) = preSolution
		HideSolutionNode = FALSE
	EndGlobalSection
	GlobalSection(ExtensibilityGlobals) = postSolution
		SolutionGuid = {8E28D508-3C4A-4F15-8039-97EA2FEFA7E2}
	EndGlobalSection
EndGlobal
